lockfile_version: '1'
generated_at: '2026-03-07T23:32:18.647851+00:00'
apm_version: 0.7.4
dependencies:
- repo_url: obra/superpowers
  host: github.com
  resolved_commit: e4a2375cb705ca5800f0833528ce36a3faf9017a
  virtual_path: skills/brainstorming
  is_virtual: true
- repo_url: obra/superpowers
  host: github.com
  resolved_commit: e4a2375cb705ca5800f0833528ce36a3faf9017a
  virtual_path: skills/dispatching-parallel-agents
  is_virtual: true
- repo_url: obra/superpowers
  host: github.com
  resolved_commit: e4a2375cb705ca5800f0833528ce36a3faf9017a
  virtual_path: skills/executing-plans
  is_virtual: true
- repo_url: obra/superpowers
  host: github.com
  resolved_commit: e4a2375cb705ca5800f0833528ce36a3faf9017a
  virtual_path: skills/finishing-a-development-branch
  is_virtual: true
- repo_url: obra/superpowers
  host: github.com
  resolved_commit: e4a2375cb705ca5800f0833528ce36a3faf9017a
  virtual_path: skills/receiving-code-review
  is_virtual: true
- repo_url: obra/superpowers
  host: github.com
  resolved_commit: e4a2375cb705ca5800f0833528ce36a3faf9017a
  virtual_path: skills/requesting-code-review
  is_virtual: true
- repo_url: obra/superpowers
  host: github.com
  resolved_commit: e4a2375cb705ca5800f0833528ce36a3faf9017a
  virtual_path: skills/subagent-driven-development
  is_virtual: true
- repo_url: obra/superpowers
  host: github.com
  resolved_commit: e4a2375cb705ca5800f0833528ce36a3faf9017a
  virtual_path: skills/systematic-debugging
  is_virtual: true
- repo_url: obra/superpowers
  host: github.com
  resolved_commit: e4a2375cb705ca5800f0833528ce36a3faf9017a
  virtual_path: skills/test-driven-development
  is_virtual: true
- repo_url: obra/superpowers
  host: github.com
  resolved_commit: e4a2375cb705ca5800f0833528ce36a3faf9017a
  virtual_path: skills/using-git-worktrees
  is_virtual: true
- repo_url: obra/superpowers
  host: github.com
  resolved_commit: e4a2375cb705ca5800f0833528ce36a3faf9017a
  virtual_path: skills/using-superpowers
  is_virtual: true
- repo_url: obra/superpowers
  host: github.com
  resolved_commit: e4a2375cb705ca5800f0833528ce36a3faf9017a
  virtual_path: skills/verification-before-completion
  is_virtual: true
- repo_url: obra/superpowers
  host: github.com
  resolved_commit: e4a2375cb705ca5800f0833528ce36a3faf9017a
  virtual_path: skills/writing-plans
  is_virtual: true
- repo_url: obra/superpowers
  host: github.com
  resolved_commit: e4a2375cb705ca5800f0833528ce36a3faf9017a
  virtual_path: skills/writing-skills
  is_virtual: true
